
Microsoft Visual Studio Solution File, Format Version 12.00
# Visual Studio Version 17
VisualStudioVersion = 17.9.34714.143
MinimumVisualStudioVersion = 10.0.40219.1
Project("{FAE04EC0-301F-11D3-BF4B-00C04F79EFBC}") = "API", "API\API.csproj", "{850DA9E2-ACDC-4368-98EB-4FB5091B604D}"
EndProject
Global
	GlobalSection(SolutionConfigurationPlatforms) = preSolution
		Debug|Any CPU = Debug|Any CPU
		Release|Any CPU = Release|Any CPU
	EndGlobalSection
	GlobalSection(ProjectConfigurationPlatforms) = postSolution
		{850DA9E2-ACDC-4368-98EB-4FB5091B604D}.Debug|Any CPU.ActiveCfg = Debug|Any CPU
		{850DA9E2-ACDC-4368-98EB-4FB5091B604D}.Debug|Any CPU.Build.0 = Debug|Any CPU
		{850DA9E2-ACDC-4368-98EB-4FB5091B604D}.Release|Any CPU.ActiveCfg = Release|Any CPU
		{850DA9E2-ACDC-4368-98EB-4FB5091B604D}.Release|Any CPU.Build.0 = Release|Any CPU
	EndGlobalSection
	GlobalSection(SolutionProperties) = preSolution
		HideSolutionNode = FALSE
	EndGlobalSection
	GlobalSection(ExtensibilityGlobals) = postSolution
		SolutionGuid = {5984F133-E36A-408E-896B-951E3C774DBC}
	EndGlobalSection
EndGlobal
